
Microsoft Visual Studio Solution File, Format Version 12.00
# Visual Studio Version 17
VisualStudioVersion = 17.1.32421.90
MinimumVisualStudioVersion = 10.0.40219.1
Project("{FAE04EC0-301F-11D3-BF4B-00C04F79EFBC}") = "KütüphaneotomasyonuSe", "KütüphaneotomasyonuSe\KütüphaneotomasyonuSe.csproj", "{DCE3E5AA-0057-46E3-AB0C-97822161971E}"
EndProject
Global
	GlobalSection(SolutionConfigurationPlatforms) = preSolution
		Debug|Any CPU = Debug|Any CPU
		Release|Any CPU = Release|Any CPU
	EndGlobalSection
	GlobalSection(ProjectConfigurationPlatforms) = postSolution
		{DCE3E5AA-0057-46E3-AB0C-97822161971E}.Debug|Any CPU.ActiveCfg = Debug|Any CPU
		{DCE3E5AA-0057-46E3-AB0C-97822161971E}.Debug|Any CPU.Build.0 = Debug|Any CPU
		{DCE3E5AA-0057-46E3-AB0C-97822161971E}.Release|Any CPU.ActiveCfg = Release|Any CPU
		{DCE3E5AA-0057-46E3-AB0C-97822161971E}.Release|Any CPU.Build.0 = Release|Any CPU
	EndGlobalSection
	GlobalSection(SolutionProperties) = preSolution
		HideSolutionNode = FALSE
	EndGlobalSection
	GlobalSection(ExtensibilityGlobals) = postSolution
		SolutionGuid = {81DB7CCB-5426-4546-AAFA-186C67FB2E7D}
	EndGlobalSection
EndGlobal
